
Microsoft Visual Studio Solution File, Format Version 12.00
# Visual Studio Version 17
VisualStudioVersion = 17.4.33122.133
MinimumVisualStudioVersion = 10.0.40219.1
Project("{FAE04EC0-301F-11D3-BF4B-00C04F79EFBC}") = "MirrorJob", "MirrorJob\MirrorJob.csproj", "{5F27E597-5BCC-4F73-84B6-4EDB5D14E15A}"
EndProject
Global
	GlobalSection(SolutionConfigurationPlatforms) = preSolution
		Debug|Any CPU = Debug|Any CPU
		Release|Any CPU = Release|Any CPU
	EndGlobalSection
	GlobalSection(ProjectConfigurationPlatforms) = postSolution
		{5F27E597-5BCC-4F73-84B6-4EDB5D14E15A}.Debug|Any CPU.ActiveCfg = Debug|Any CPU
		{5F27E597-5BCC-4F73-84B6-4EDB5D14E15A}.Debug|Any CPU.Build.0 = Debug|Any CPU
		{5F27E597-5BCC-4F73-84B6-4EDB5D14E15A}.Release|Any CPU.ActiveCfg = Release|Any CPU
		{5F27E597-5BCC-4F73-84B6-4EDB5D14E15A}.Release|Any CPU.Build.0 = Release|Any CPU
	EndGlobalSection
	GlobalSection(SolutionProperties) = preSolution
		HideSolutionNode = FALSE
	EndGlobalSection
	GlobalSection(ExtensibilityGlobals) = postSolution
		SolutionGuid = {9AF39692-9CEC-4E90-8E4E-E784DD2F7C73}
	EndGlobalSection
EndGlobal
